
Microsoft Visual Studio Solution File, Format Version 12.00
# Visual Studio Version 16
VisualStudioVersion = 16.0.31402.337
MinimumVisualStudioVersion = 10.0.40219.1
Project("{FAE04EC0-301F-11D3-BF4B-00C04F79EFBC}") = "Geospatial_System_Assignment_1.0", "Geospatial_System_Assignment_1.0\Geospatial_System_Assignment_1.0.csproj", "{C66BF7D9-612B-4510-849E-21125E1C8452}"
EndProject
Global
	GlobalSection(SolutionConfigurationPlatforms) = preSolution
		Debug|Any CPU = Debug|Any CPU
		Release|Any CPU = Release|Any CPU
	EndGlobalSection
	GlobalSection(ProjectConfigurationPlatforms) = postSolution
		{C66BF7D9-612B-4510-849E-21125E1C8452}.Debug|Any CPU.ActiveCfg = Debug|Any CPU
		{C66BF7D9-612B-4510-849E-21125E1C8452}.Debug|Any CPU.Build.0 = Debug|Any CPU
		{C66BF7D9-612B-4510-849E-21125E1C8452}.Release|Any CPU.ActiveCfg = Release|Any CPU
		{C66BF7D9-612B-4510-849E-21125E1C8452}.Release|Any CPU.Build.0 = Release|Any CPU
	EndGlobalSection
	GlobalSection(SolutionProperties) = preSolution
		HideSolutionNode = FALSE
	EndGlobalSection
	GlobalSection(ExtensibilityGlobals) = postSolution
		SolutionGuid = {2D5E4791-9C8B-43D3-B8BB-858E8E8341CD}
	EndGlobalSection
EndGlobal
